
Microsoft Visual Studio Solution File, Format Version 12.00
# Visual Studio Version 17
VisualStudioVersion = 17.13.35825.156 d17.13
MinimumVisualStudioVersion = 10.0.40219.1
Project("{FAE04EC0-301F-11D3-BF4B-00C04F79EFBC}") = "WebTestApp", "WebTestApp\WebTestApp.csproj", "{75B719DC-953E-4618-895E-FEF8B0AEDCE0}"
EndProject
Global
	GlobalSection(SolutionConfigurationPlatforms) = preSolution
		Debug|Any CPU = Debug|Any CPU
		Release|Any CPU = Release|Any CPU
	EndGlobalSection
	GlobalSection(ProjectConfigurationPlatforms) = postSolution
		{75B719DC-953E-4618-895E-FEF8B0AEDCE0}.Debug|Any CPU.ActiveCfg = Debug|Any CPU
		{75B719DC-953E-4618-895E-FEF8B0AEDCE0}.Debug|Any CPU.Build.0 = Debug|Any CPU
		{75B719DC-953E-4618-895E-FEF8B0AEDCE0}.Release|Any CPU.ActiveCfg = Release|Any CPU
		{75B719DC-953E-4618-895E-FEF8B0AEDCE0}.Release|Any CPU.Build.0 = Release|Any CPU
	EndGlobalSection
	GlobalSection(SolutionProperties) = preSolution
		HideSolutionNode = FALSE
	EndGlobalSection
	GlobalSection(ExtensibilityGlobals) = postSolution
		SolutionGuid = {CC413861-1F93-4C06-A51F-AEAB516FEBEB}
	EndGlobalSection
EndGlobal
